
Microsoft Visual Studio Solution File, Format Version 12.00
# Visual Studio Version 17
VisualStudioVersion = 17.7.34031.279
MinimumVisualStudioVersion = 10.0.40219.1
Project("{FAE04EC0-301F-11D3-BF4B-00C04F79EFBC}") = "BookKeeper", "BookKeeper\BookKeeper.csproj", "{28A0DC68-F39A-4117-B189-874317EB2106}"
EndProject
Global
	GlobalSection(SolutionConfigurationPlatforms) = preSolution
		Debug|Any CPU = Debug|Any CPU
		Release|Any CPU = Release|Any CPU
	EndGlobalSection
	GlobalSection(ProjectConfigurationPlatforms) = postSolution
		{28A0DC68-F39A-4117-B189-874317EB2106}.Debug|Any CPU.ActiveCfg = Debug|Any CPU
		{28A0DC68-F39A-4117-B189-874317EB2106}.Debug|Any CPU.Build.0 = Debug|Any CPU
		{28A0DC68-F39A-4117-B189-874317EB2106}.Release|Any CPU.ActiveCfg = Release|Any CPU
		{28A0DC68-F39A-4117-B189-874317EB2106}.Release|Any CPU.Build.0 = Release|Any CPU
	EndGlobalSection
	GlobalSection(SolutionProperties) = preSolution
		HideSolutionNode = FALSE
	EndGlobalSection
	GlobalSection(ExtensibilityGlobals) = postSolution
		SolutionGuid = {03AE9E27-9A1D-4F65-9D0A-779899CEEBB2}
	EndGlobalSection
EndGlobal
